
Microsoft Visual Studio Solution File, Format Version 12.00
# Visual Studio Version 16
VisualStudioVersion = 16.0.29926.136
MinimumVisualStudioVersion = 10.0.40219.1
Project("{FAE04EC0-301F-11D3-BF4B-00C04F79EFBC}") = "FacilityInfo.Module.Win", "GDS.FacilityInfo.Module.Win\FacilityInfo.Module.Win.csproj", "{7964F87D-BC5D-4C4E-8B2F-71E89739AA97}"
EndProject
Project("{FAE04EC0-301F-11D3-BF4B-00C04F79EFBC}") = "FacilityInfo.Win", "GDS.FacilityInfo.Win\FacilityInfo.Win.csproj", "{D05D93DF-312D-4D4E-B980-726871EC7833}"
EndProject
Project("{FAE04EC0-301F-11D3-BF4B-00C04F79EFBC}") = "FacilityInfo.Management", "FacilityInfo.Management\FacilityInfo.Management.csproj", "{A488DFB4-0FA0-4F35-94AB-65FBA07B804E}"
EndProject
Project("{FAE04EC0-301F-11D3-BF4B-00C04F79EFBC}") = "FacilityInfo.KwpSynch", "FacilityInfo.KwpSynch\FacilityInfo.KwpSynch.csproj", "{00C5A33B-A867-4E48-8EF5-A969A848C26B}"
EndProject
Project("{FAE04EC0-301F-11D3-BF4B-00C04F79EFBC}") = "FacilityInfo.Import", "FacilityInfo.Import\FacilityInfo.Import.csproj", "{634257B2-E67E-4453-AD92-2D6BFC969573}"
EndProject
Project("{FAE04EC0-301F-11D3-BF4B-00C04F79EFBC}") = "FacilityInfo.Module", "GDS.FacilityInfo.Module\FacilityInfo.Module.csproj", "{5F15837D-D1E5-44DC-92F0-4F2EBE9C3F8D}"
EndProject
Project("{FAE04EC0-301F-11D3-BF4B-00C04F79EFBC}") = "FacilityInfo.Online.Module.Web", "FacilityInfo.Online.Module.Web\FacilityInfo.Online.Module.Web.csproj", "{A0ADC7E0-8528-42DF-BF25-78FF93F2E16B}"
EndProject
Project("{FAE04EC0-301F-11D3-BF4B-00C04F79EFBC}") = "FacilityInfo.Online.Web", "FacilityInfo.Online.Web\FacilityInfo.Online.Web.csproj", "{70CA93DA-DF3D-4FF4-9DF6-962AB077D776}"
	ProjectSection(ProjectDependencies) = postProject
		{5F15837D-D1E5-44DC-92F0-4F2EBE9C3F8D} = {5F15837D-D1E5-44DC-92F0-4F2EBE9C3F8D}
		{A488DFB4-0FA0-4F35-94AB-65FBA07B804E} = {A488DFB4-0FA0-4F35-94AB-65FBA07B804E}
	EndProjectSection
EndProject
Project("{FAE04EC0-301F-11D3-BF4B-00C04F79EFBC}") = "FacilityInfo.Services", "FacilityInfo.Services\FacilityInfo.Services.csproj", "{E45FDEF4-4BC5-4B8D-8B01-403ABD4C757C}"
EndProject
Global
	GlobalSection(SolutionConfigurationPlatforms) = preSolution
		Debug|Any CPU = Debug|Any CPU
		EasyTest|Any CPU = EasyTest|Any CPU
		Release|Any CPU = Release|Any CPU
	EndGlobalSection
	GlobalSection(ProjectConfigurationPlatforms) = postSolution
		{7964F87D-BC5D-4C4E-8B2F-71E89739AA97}.Debug|Any CPU.ActiveCfg = Debug|Any CPU
		{7964F87D-BC5D-4C4E-8B2F-71E89739AA97}.Debug|Any CPU.Build.0 = Debug|Any CPU
		{7964F87D-BC5D-4C4E-8B2F-71E89739AA97}.EasyTest|Any CPU.ActiveCfg = EasyTest|Any CPU
		{7964F87D-BC5D-4C4E-8B2F-71E89739AA97}.EasyTest|Any CPU.Build.0 = EasyTest|Any CPU
		{7964F87D-BC5D-4C4E-8B2F-71E89739AA97}.Release|Any CPU.ActiveCfg = Release|Any CPU
		{7964F87D-BC5D-4C4E-8B2F-71E89739AA97}.Release|Any CPU.Build.0 = Release|Any CPU
		{D05D93DF-312D-4D4E-B980-726871EC7833}.Debug|Any CPU.ActiveCfg = Debug|Any CPU
		{D05D93DF-312D-4D4E-B980-726871EC7833}.Debug|Any CPU.Build.0 = Debug|Any CPU
		{D05D93DF-312D-4D4E-B980-726871EC7833}.EasyTest|Any CPU.ActiveCfg = EasyTest|Any CPU
		{D05D93DF-312D-4D4E-B980-726871EC7833}.EasyTest|Any CPU.Build.0 = EasyTest|Any CPU
		{D05D93DF-312D-4D4E-B980-726871EC7833}.Release|Any CPU.ActiveCfg = Release|Any CPU
		{D05D93DF-312D-4D4E-B980-726871EC7833}.Release|Any CPU.Build.0 = Release|Any CPU
		{A488DFB4-0FA0-4F35-94AB-65FBA07B804E}.Debug|Any CPU.ActiveCfg = Debug|Any CPU
		{A488DFB4-0FA0-4F35-94AB-65FBA07B804E}.Debug|Any CPU.Build.0 = Debug|Any CPU
		{A488DFB4-0FA0-4F35-94AB-65FBA07B804E}.EasyTest|Any CPU.ActiveCfg = EasyTest|Any CPU
		{A488DFB4-0FA0-4F35-94AB-65FBA07B804E}.EasyTest|Any CPU.Build.0 = EasyTest|Any CPU
		{A488DFB4-0FA0-4F35-94AB-65FBA07B804E}.Release|Any CPU.ActiveCfg = Release|Any CPU
		{A488DFB4-0FA0-4F35-94AB-65FBA07B804E}.Release|Any CPU.Build.0 = Release|Any CPU
		{00C5A33B-A867-4E48-8EF5-A969A848C26B}.Debug|Any CPU.ActiveCfg = Debug|Any CPU
		{00C5A33B-A867-4E48-8EF5-A969A848C26B}.Debug|Any CPU.Build.0 = Debug|Any CPU
		{00C5A33B-A867-4E48-8EF5-A969A848C26B}.EasyTest|Any CPU.ActiveCfg = Release|Any CPU
		{00C5A33B-A867-4E48-8EF5-A969A848C26B}.EasyTest|Any CPU.Build.0 = Release|Any CPU
		{00C5A33B-A867-4E48-8EF5-A969A848C26B}.Release|Any CPU.ActiveCfg = Release|Any CPU
		{00C5A33B-A867-4E48-8EF5-A969A848C26B}.Release|Any CPU.Build.0 = Release|Any CPU
		{634257B2-E67E-4453-AD92-2D6BFC969573}.Debug|Any CPU.ActiveCfg = Debug|Any CPU
		{634257B2-E67E-4453-AD92-2D6BFC969573}.Debug|Any CPU.Build.0 = Debug|Any CPU
		{634257B2-E67E-4453-AD92-2D6BFC969573}.EasyTest|Any CPU.ActiveCfg = Release|Any CPU
		{634257B2-E67E-4453-AD92-2D6BFC969573}.EasyTest|Any CPU.Build.0 = Release|Any CPU
		{634257B2-E67E-4453-AD92-2D6BFC969573}.Release|Any CPU.ActiveCfg = Release|Any CPU
		{634257B2-E67E-4453-AD92-2D6BFC969573}.Release|Any CPU.Build.0 = Release|Any CPU
		{5F15837D-D1E5-44DC-92F0-4F2EBE9C3F8D}.Debug|Any CPU.ActiveCfg = Debug|Any CPU
		{5F15837D-D1E5-44DC-92F0-4F2EBE9C3F8D}.Debug|Any CPU.Build.0 = Debug|Any CPU
		{5F15837D-D1E5-44DC-92F0-4F2EBE9C3F8D}.EasyTest|Any CPU.ActiveCfg = EasyTest|Any CPU
		{5F15837D-D1E5-44DC-92F0-4F2EBE9C3F8D}.EasyTest|Any CPU.Build.0 = EasyTest|Any CPU
		{5F15837D-D1E5-44DC-92F0-4F2EBE9C3F8D}.Release|Any CPU.ActiveCfg = Release|Any CPU
		{5F15837D-D1E5-44DC-92F0-4F2EBE9C3F8D}.Release|Any CPU.Build.0 = Release|Any CPU
		{A0ADC7E0-8528-42DF-BF25-78FF93F2E16B}.Debug|Any CPU.ActiveCfg = Debug|Any CPU
		{A0ADC7E0-8528-42DF-BF25-78FF93F2E16B}.Debug|Any CPU.Build.0 = Debug|Any CPU
		{A0ADC7E0-8528-42DF-BF25-78FF93F2E16B}.EasyTest|Any CPU.ActiveCfg = EasyTest|Any CPU
		{A0ADC7E0-8528-42DF-BF25-78FF93F2E16B}.EasyTest|Any CPU.Build.0 = EasyTest|Any CPU
		{A0ADC7E0-8528-42DF-BF25-78FF93F2E16B}.Release|Any CPU.ActiveCfg = Release|Any CPU
		{A0ADC7E0-8528-42DF-BF25-78FF93F2E16B}.Release|Any CPU.Build.0 = Release|Any CPU
		{70CA93DA-DF3D-4FF4-9DF6-962AB077D776}.Debug|Any CPU.ActiveCfg = Debug|Any CPU
		{70CA93DA-DF3D-4FF4-9DF6-962AB077D776}.Debug|Any CPU.Build.0 = Debug|Any CPU
		{70CA93DA-DF3D-4FF4-9DF6-962AB077D776}.EasyTest|Any CPU.ActiveCfg = EasyTest|Any CPU
		{70CA93DA-DF3D-4FF4-9DF6-962AB077D776}.EasyTest|Any CPU.Build.0 = EasyTest|Any CPU
		{70CA93DA-DF3D-4FF4-9DF6-962AB077D776}.Release|Any CPU.ActiveCfg = Release|Any CPU
		{70CA93DA-DF3D-4FF4-9DF6-962AB077D776}.Release|Any CPU.Build.0 = Release|Any CPU
		{E45FDEF4-4BC5-4B8D-8B01-403ABD4C757C}.Debug|Any CPU.ActiveCfg = Debug|Any CPU
		{E45FDEF4-4BC5-4B8D-8B01-403ABD4C757C}.Debug|Any CPU.Build.0 = Debug|Any CPU
		{E45FDEF4-4BC5-4B8D-8B01-403ABD4C757C}.EasyTest|Any CPU.ActiveCfg = Release|Any CPU
		{E45FDEF4-4BC5-4B8D-8B01-403ABD4C757C}.EasyTest|Any CPU.Build.0 = Release|Any CPU
		{E45FDEF4-4BC5-4B8D-8B01-403ABD4C757C}.Release|Any CPU.ActiveCfg = Release|Any CPU
		{E45FDEF4-4BC5-4B8D-8B01-403ABD4C757C}.Release|Any CPU.Build.0 = Release|Any CPU
	EndGlobalSection
	GlobalSection(SolutionProperties) = preSolution
		HideSolutionNode = FALSE
	EndGlobalSection
	GlobalSection(ExtensibilityGlobals) = postSolution
		SolutionGuid = {D2C3D450-961A-4CF7-A5EF-4E3F24EBD837}
	EndGlobalSection
EndGlobal
